
Microsoft Visual Studio Solution File, Format Version 12.00
# Visual Studio 15
Project("{FAE04EC0-301F-11D3-BF4B-00C04F79EFBC}") = "UnityEngine.UI", "UnityEngine.UI.csproj", "{98583F57-3641-3BC4-398A-41A775B64F74}"
EndProject
Project("{FAE04EC0-301F-11D3-BF4B-00C04F79EFBC}") = "Unity.RenderPipelines.Core.Runtime", "Unity.RenderPipelines.Core.Runtime.csproj", "{BD845D3B-7431-D449-AA97-C8B9A8260506}"
EndProject
Project("{FAE04EC0-301F-11D3-BF4B-00C04F79EFBC}") = "Unity.RenderPipelines.Universal.Runtime", "Unity.RenderPipelines.Universal.Runtime.csproj", "{C99151F2-5A95-53A0-7439-20279AFEE313}"
EndProject
Project("{FAE04EC0-301F-11D3-BF4B-00C04F79EFBC}") = "Assembly-CSharp", "Assembly-CSharp.csproj", "{E443312D-6D3A-AAC6-A31B-86DBB429F2F7}"
EndProject
Project("{FAE04EC0-301F-11D3-BF4B-00C04F79EFBC}") = "Unity.RenderPipeline.Universal.ShaderLibrary", "Unity.RenderPipeline.Universal.ShaderLibrary.csproj", "{75F3BF5D-1CEF-E0FE-7CBB-D05F29C84B67}"
EndProject
Project("{FAE04EC0-301F-11D3-BF4B-00C04F79EFBC}") = "Unity.RenderPipelines.Core.ShaderLibrary", "Unity.RenderPipelines.Core.ShaderLibrary.csproj", "{9E4121AB-7C7E-DCF2-03B8-7115E21DA70A}"
EndProject
Project("{FAE04EC0-301F-11D3-BF4B-00C04F79EFBC}") = "Unity.RenderPipelines.Universal.Shaders", "Unity.RenderPipelines.Universal.Shaders.csproj", "{C3247C90-47DB-ED31-EFEC-B9BAA61946C8}"
EndProject
Project("{FAE04EC0-301F-11D3-BF4B-00C04F79EFBC}") = "Unity.RenderPipelines.ShaderGraph.ShaderGraphLibrary", "Unity.RenderPipelines.ShaderGraph.ShaderGraphLibrary.csproj", "{A461C185-A0FD-ED8D-BD84-4AD717EEDEB8}"
EndProject
Project("{FAE04EC0-301F-11D3-BF4B-00C04F79EFBC}") = "Unity.ShaderGraph.Editor", "Unity.ShaderGraph.Editor.csproj", "{5BFB539C-ACA3-B78F-132E-28C54B370E51}"
EndProject
Project("{FAE04EC0-301F-11D3-BF4B-00C04F79EFBC}") = "Unity.RenderPipelines.Universal.Editor", "Unity.RenderPipelines.Universal.Editor.csproj", "{E4244406-D366-7320-53C8-8EF79CF39D5B}"
EndProject
Project("{FAE04EC0-301F-11D3-BF4B-00C04F79EFBC}") = "Unity.RenderPipelines.Core.Editor", "Unity.RenderPipelines.Core.Editor.csproj", "{FE3CB000-B53D-E7DF-A46F-1C8CCD2DB4E9}"
EndProject
Project("{FAE04EC0-301F-11D3-BF4B-00C04F79EFBC}") = "UnityEditor.UI", "UnityEditor.UI.csproj", "{1A0C3B29-8DD1-3FC4-204A-8D8CF05CA01A}"
EndProject
Project("{FAE04EC0-301F-11D3-BF4B-00C04F79EFBC}") = "PPv2URPConverters", "PPv2URPConverters.csproj", "{95E6A2BD-B65B-0AB1-F68C-C45BD890754F}"
EndProject
Project("{FAE04EC0-301F-11D3-BF4B-00C04F79EFBC}") = "Assembly-CSharp-Editor", "Assembly-CSharp-Editor.csproj", "{3ABA73A8-AE65-BA65-436C-9EBB64CA97C4}"
EndProject
Project("{FAE04EC0-301F-11D3-BF4B-00C04F79EFBC}") = "Unity.ShaderGraph.Utilities", "Unity.ShaderGraph.Utilities.csproj", "{276210EE-991A-0F58-0AE2-E4941DC693F4}"
EndProject
Global
	GlobalSection(SolutionConfigurationPlatforms) = preSolution
		Debug|Any CPU = Debug|Any CPU
		Release|Any CPU = Release|Any CPU
	EndGlobalSection
	GlobalSection(ProjectConfigurationPlatforms) = postSolution
		{98583F57-3641-3BC4-398A-41A775B64F74}.Debug|Any CPU.ActiveCfg = Debug|Any CPU
		{98583F57-3641-3BC4-398A-41A775B64F74}.Debug|Any CPU.Build.0 = Debug|Any CPU
		{98583F57-3641-3BC4-398A-41A775B64F74}.Release|Any CPU.ActiveCfg = Release|Any CPU
		{98583F57-3641-3BC4-398A-41A775B64F74}.Release|Any CPU.Build.0 = Release|Any CPU
		{BD845D3B-7431-D449-AA97-C8B9A8260506}.Debug|Any CPU.ActiveCfg = Debug|Any CPU
		{BD845D3B-7431-D449-AA97-C8B9A8260506}.Debug|Any CPU.Build.0 = Debug|Any CPU
		{BD845D3B-7431-D449-AA97-C8B9A8260506}.Release|Any CPU.ActiveCfg = Release|Any CPU
		{BD845D3B-7431-D449-AA97-C8B9A8260506}.Release|Any CPU.Build.0 = Release|Any CPU
		{C99151F2-5A95-53A0-7439-20279AFEE313}.Debug|Any CPU.ActiveCfg = Debug|Any CPU
		{C99151F2-5A95-53A0-7439-20279AFEE313}.Debug|Any CPU.Build.0 = Debug|Any CPU
		{C99151F2-5A95-53A0-7439-20279AFEE313}.Release|Any CPU.ActiveCfg = Release|Any CPU
		{C99151F2-5A95-53A0-7439-20279AFEE313}.Release|Any CPU.Build.0 = Release|Any CPU
		{E443312D-6D3A-AAC6-A31B-86DBB429F2F7}.Debug|Any CPU.ActiveCfg = Debug|Any CPU
		{E443312D-6D3A-AAC6-A31B-86DBB429F2F7}.Debug|Any CPU.Build.0 = Debug|Any CPU
		{E443312D-6D3A-AAC6-A31B-86DBB429F2F7}.Release|Any CPU.ActiveCfg = Release|Any CPU
		{E443312D-6D3A-AAC6-A31B-86DBB429F2F7}.Release|Any CPU.Build.0 = Release|Any CPU
		{75F3BF5D-1CEF-E0FE-7CBB-D05F29C84B67}.Debug|Any CPU.ActiveCfg = Debug|Any CPU
		{75F3BF5D-1CEF-E0FE-7CBB-D05F29C84B67}.Debug|Any CPU.Build.0 = Debug|Any CPU
		{75F3BF5D-1CEF-E0FE-7CBB-D05F29C84B67}.Release|Any CPU.ActiveCfg = Release|Any CPU
		{75F3BF5D-1CEF-E0FE-7CBB-D05F29C84B67}.Release|Any CPU.Build.0 = Release|Any CPU
		{9E4121AB-7C7E-DCF2-03B8-7115E21DA70A}.Debug|Any CPU.ActiveCfg = Debug|Any CPU
		{9E4121AB-7C7E-DCF2-03B8-7115E21DA70A}.Debug|Any CPU.Build.0 = Debug|Any CPU
		{9E4121AB-7C7E-DCF2-03B8-7115E21DA70A}.Release|Any CPU.ActiveCfg = Release|Any CPU
		{9E4121AB-7C7E-DCF2-03B8-7115E21DA70A}.Release|Any CPU.Build.0 = Release|Any CPU
		{C3247C90-47DB-ED31-EFEC-B9BAA61946C8}.Debug|Any CPU.ActiveCfg = Debug|Any CPU
		{C3247C90-47DB-ED31-EFEC-B9BAA61946C8}.Debug|Any CPU.Build.0 = Debug|Any CPU
		{C3247C90-47DB-ED31-EFEC-B9BAA61946C8}.Release|Any CPU.ActiveCfg = Release|Any CPU
		{C3247C90-47DB-ED31-EFEC-B9BAA61946C8}.Release|Any CPU.Build.0 = Release|Any CPU
		{A461C185-A0FD-ED8D-BD84-4AD717EEDEB8}.Debug|Any CPU.ActiveCfg = Debug|Any CPU
		{A461C185-A0FD-ED8D-BD84-4AD717EEDEB8}.Debug|Any CPU.Build.0 = Debug|Any CPU
		{A461C185-A0FD-ED8D-BD84-4AD717EEDEB8}.Release|Any CPU.ActiveCfg = Release|Any CPU
		{A461C185-A0FD-ED8D-BD84-4AD717EEDEB8}.Release|Any CPU.Build.0 = Release|Any CPU
		{5BFB539C-ACA3-B78F-132E-28C54B370E51}.Debug|Any CPU.ActiveCfg = Debug|Any CPU
		{5BFB539C-ACA3-B78F-132E-28C54B370E51}.Debug|Any CPU.Build.0 = Debug|Any CPU
		{5BFB539C-ACA3-B78F-132E-28C54B370E51}.Release|Any CPU.ActiveCfg = Release|Any CPU
		{5BFB539C-ACA3-B78F-132E-28C54B370E51}.Release|Any CPU.Build.0 = Release|Any CPU
		{E4244406-D366-7320-53C8-8EF79CF39D5B}.Debug|Any CPU.ActiveCfg = Debug|Any CPU
		{E4244406-D366-7320-53C8-8EF79CF39D5B}.Debug|Any CPU.Build.0 = Debug|Any CPU
		{E4244406-D366-7320-53C8-8EF79CF39D5B}.Release|Any CPU.ActiveCfg = Release|Any CPU
		{E4244406-D366-7320-53C8-8EF79CF39D5B}.Release|Any CPU.Build.0 = Release|Any CPU
		{FE3CB000-B53D-E7DF-A46F-1C8CCD2DB4E9}.Debug|Any CPU.ActiveCfg = Debug|Any CPU
		{FE3CB000-B53D-E7DF-A46F-1C8CCD2DB4E9}.Debug|Any CPU.Build.0 = Debug|Any CPU
		{FE3CB000-B53D-E7DF-A46F-1C8CCD2DB4E9}.Release|Any CPU.ActiveCfg = Release|Any CPU
		{FE3CB000-B53D-E7DF-A46F-1C8CCD2DB4E9}.Release|Any CPU.Build.0 = Release|Any CPU
		{1A0C3B29-8DD1-3FC4-204A-8D8CF05CA01A}.Debug|Any CPU.ActiveCfg = Debug|Any CPU
		{1A0C3B29-8DD1-3FC4-204A-8D8CF05CA01A}.Debug|Any CPU.Build.0 = Debug|Any CPU
		{1A0C3B29-8DD1-3FC4-204A-8D8CF05CA01A}.Release|Any CPU.ActiveCfg = Release|Any CPU
		{1A0C3B29-8DD1-3FC4-204A-8D8CF05CA01A}.Release|Any CPU.Build.0 = Release|Any CPU
		{95E6A2BD-B65B-0AB1-F68C-C45BD890754F}.Debug|Any CPU.ActiveCfg = Debug|Any CPU
		{95E6A2BD-B65B-0AB1-F68C-C45BD890754F}.Debug|Any CPU.Build.0 = Debug|Any CPU
		{95E6A2BD-B65B-0AB1-F68C-C45BD890754F}.Release|Any CPU.ActiveCfg = Release|Any CPU
		{95E6A2BD-B65B-0AB1-F68C-C45BD890754F}.Release|Any CPU.Build.0 = Release|Any CPU
		{3ABA73A8-AE65-BA65-436C-9EBB64CA97C4}.Debug|Any CPU.ActiveCfg = Debug|Any CPU
		{3ABA73A8-AE65-BA65-436C-9EBB64CA97C4}.Debug|Any CPU.Build.0 = Debug|Any CPU
		{3ABA73A8-AE65-BA65-436C-9EBB64CA97C4}.Release|Any CPU.ActiveCfg = Release|Any CPU
		{3ABA73A8-AE65-BA65-436C-9EBB64CA97C4}.Release|Any CPU.Build.0 = Release|Any CPU
		{276210EE-991A-0F58-0AE2-E4941DC693F4}.Debug|Any CPU.ActiveCfg = Debug|Any CPU
		{276210EE-991A-0F58-0AE2-E4941DC693F4}.Debug|Any CPU.Build.0 = Debug|Any CPU
		{276210EE-991A-0F58-0AE2-E4941DC693F4}.Release|Any CPU.ActiveCfg = Release|Any CPU
		{276210EE-991A-0F58-0AE2-E4941DC693F4}.Release|Any CPU.Build.0 = Release|Any CPU
	EndGlobalSection
	GlobalSection(SolutionProperties) = preSolution
		HideSolutionNode = FALSE
	EndGlobalSection
EndGlobal
